
Microsoft Visual Studio Solution File, Format Version 12.00
# Visual Studio Version 17
VisualStudioVersion = 17.0.31903.59
MinimumVisualStudioVersion = 10.0.40219.1
Project("{FAE04EC0-301F-11D3-BF4B-00C04F79EFBC}") = "DnDreams.Application", "DnDreams.Application\DnDreams.Application.csproj", "{517B2860-D7C5-F39E-94ED-7A70842E63BD}"
EndProject
Project("{FAE04EC0-301F-11D3-BF4B-00C04F79EFBC}") = "DnDreams.Domain", "DnDreams.Domain\DnDreams.Domain.csproj", "{B10587A2-A75F-ADA7-B178-6879E56AE476}"
EndProject
Project("{FAE04EC0-301F-11D3-BF4B-00C04F79EFBC}") = "DnDreams.Infrastructure", "DnDreams.Infrastructure\DnDreams.Infrastructure.csproj", "{9B7A9626-87F8-B0FE-88CC-9BF21D69B942}"
EndProject
Project("{FAE04EC0-301F-11D3-BF4B-00C04F79EFBC}") = "DnDreams.MAUI", "DnDreams.MAUI\DnDreams.MAUI.csproj", "{C49A9753-362A-FC16-26CD-99FEF61714E7}"
EndProject
Project("{FAE04EC0-301F-11D3-BF4B-00C04F79EFBC}") = "DnDreams.UI.Shared", "DnDreams.UI.Shared\DnDreams.UI.Shared.csproj", "{A4218BB1-B194-E39F-2EB9-40A0442C058F}"
EndProject
Project("{FAE04EC0-301F-11D3-BF4B-00C04F79EFBC}") = "DnDreams.Tests", "DnDreams.Tests\DnDreams.Tests.csproj", "{F08785F2-A159-14E4-C92B-02065E7BEC36}"
EndProject
Global
	GlobalSection(SolutionConfigurationPlatforms) = preSolution
		Debug|Any CPU = Debug|Any CPU
		Debug|x64 = Debug|x64
		Debug|x86 = Debug|x86
		Release|Any CPU = Release|Any CPU
		Release|x64 = Release|x64
		Release|x86 = Release|x86
	EndGlobalSection
	GlobalSection(ProjectConfigurationPlatforms) = postSolution
		{517B2860-D7C5-F39E-94ED-7A70842E63BD}.Debug|Any CPU.ActiveCfg = Debug|Any CPU
		{517B2860-D7C5-F39E-94ED-7A70842E63BD}.Debug|Any CPU.Build.0 = Debug|Any CPU
		{517B2860-D7C5-F39E-94ED-7A70842E63BD}.Debug|x64.ActiveCfg = Debug|Any CPU
		{517B2860-D7C5-F39E-94ED-7A70842E63BD}.Debug|x64.Build.0 = Debug|Any CPU
		{517B2860-D7C5-F39E-94ED-7A70842E63BD}.Debug|x86.ActiveCfg = Debug|Any CPU
		{517B2860-D7C5-F39E-94ED-7A70842E63BD}.Debug|x86.Build.0 = Debug|Any CPU
		{517B2860-D7C5-F39E-94ED-7A70842E63BD}.Release|Any CPU.ActiveCfg = Release|Any CPU
		{517B2860-D7C5-F39E-94ED-7A70842E63BD}.Release|Any CPU.Build.0 = Release|Any CPU
		{517B2860-D7C5-F39E-94ED-7A70842E63BD}.Release|x64.ActiveCfg = Release|Any CPU
		{517B2860-D7C5-F39E-94ED-7A70842E63BD}.Release|x64.Build.0 = Release|Any CPU
		{517B2860-D7C5-F39E-94ED-7A70842E63BD}.Release|x86.ActiveCfg = Release|Any CPU
		{517B2860-D7C5-F39E-94ED-7A70842E63BD}.Release|x86.Build.0 = Release|Any CPU
		{B10587A2-A75F-ADA7-B178-6879E56AE476}.Debug|Any CPU.ActiveCfg = Debug|Any CPU
		{B10587A2-A75F-ADA7-B178-6879E56AE476}.Debug|Any CPU.Build.0 = Debug|Any CPU
		{B10587A2-A75F-ADA7-B178-6879E56AE476}.Debug|x64.ActiveCfg = Debug|Any CPU
		{B10587A2-A75F-ADA7-B178-6879E56AE476}.Debug|x64.Build.0 = Debug|Any CPU
		{B10587A2-A75F-ADA7-B178-6879E56AE476}.Debug|x86.ActiveCfg = Debug|Any CPU
		{B10587A2-A75F-ADA7-B178-6879E56AE476}.Debug|x86.Build.0 = Debug|Any CPU
		{B10587A2-A75F-ADA7-B178-6879E56AE476}.Release|Any CPU.ActiveCfg = Release|Any CPU
		{B10587A2-A75F-ADA7-B178-6879E56AE476}.Release|Any CPU.Build.0 = Release|Any CPU
		{B10587A2-A75F-ADA7-B178-6879E56AE476}.Release|x64.ActiveCfg = Release|Any CPU
		{B10587A2-A75F-ADA7-B178-6879E56AE476}.Release|x64.Build.0 = Release|Any CPU
		{B10587A2-A75F-ADA7-B178-6879E56AE476}.Release|x86.ActiveCfg = Release|Any CPU
		{B10587A2-A75F-ADA7-B178-6879E56AE476}.Release|x86.Build.0 = Release|Any CPU
		{9B7A9626-87F8-B0FE-88CC-9BF21D69B942}.Debug|Any CPU.ActiveCfg = Debug|Any CPU
		{9B7A9626-87F8-B0FE-88CC-9BF21D69B942}.Debug|Any CPU.Build.0 = Debug|Any CPU
		{9B7A9626-87F8-B0FE-88CC-9BF21D69B942}.Debug|x64.ActiveCfg = Debug|Any CPU
		{9B7A9626-87F8-B0FE-88CC-9BF21D69B942}.Debug|x64.Build.0 = Debug|Any CPU
		{9B7A9626-87F8-B0FE-88CC-9BF21D69B942}.Debug|x86.ActiveCfg = Debug|Any CPU
		{9B7A9626-87F8-B0FE-88CC-9BF21D69B942}.Debug|x86.Build.0 = Debug|Any CPU
		{9B7A9626-87F8-B0FE-88CC-9BF21D69B942}.Release|Any CPU.ActiveCfg = Release|Any CPU
		{9B7A9626-87F8-B0FE-88CC-9BF21D69B942}.Release|Any CPU.Build.0 = Release|Any CPU
		{9B7A9626-87F8-B0FE-88CC-9BF21D69B942}.Release|x64.ActiveCfg = Release|Any CPU
		{9B7A9626-87F8-B0FE-88CC-9BF21D69B942}.Release|x64.Build.0 = Release|Any CPU
		{9B7A9626-87F8-B0FE-88CC-9BF21D69B942}.Release|x86.ActiveCfg = Release|Any CPU
		{9B7A9626-87F8-B0FE-88CC-9BF21D69B942}.Release|x86.Build.0 = Release|Any CPU
		{C49A9753-362A-FC16-26CD-99FEF61714E7}.Debug|Any CPU.ActiveCfg = Debug|Any CPU
		{C49A9753-362A-FC16-26CD-99FEF61714E7}.Debug|Any CPU.Build.0 = Debug|Any CPU
		{C49A9753-362A-FC16-26CD-99FEF61714E7}.Debug|x64.ActiveCfg = Debug|Any CPU
		{C49A9753-362A-FC16-26CD-99FEF61714E7}.Debug|x64.Build.0 = Debug|Any CPU
		{C49A9753-362A-FC16-26CD-99FEF61714E7}.Debug|x86.ActiveCfg = Debug|Any CPU
		{C49A9753-362A-FC16-26CD-99FEF61714E7}.Debug|x86.Build.0 = Debug|Any CPU
		{C49A9753-362A-FC16-26CD-99FEF61714E7}.Release|Any CPU.ActiveCfg = Release|Any CPU
		{C49A9753-362A-FC16-26CD-99FEF61714E7}.Release|Any CPU.Build.0 = Release|Any CPU
		{C49A9753-362A-FC16-26CD-99FEF61714E7}.Release|x64.ActiveCfg = Release|Any CPU
		{C49A9753-362A-FC16-26CD-99FEF61714E7}.Release|x64.Build.0 = Release|Any CPU
		{C49A9753-362A-FC16-26CD-99FEF61714E7}.Release|x86.ActiveCfg = Release|Any CPU
		{C49A9753-362A-FC16-26CD-99FEF61714E7}.Release|x86.Build.0 = Release|Any CPU
		{A4218BB1-B194-E39F-2EB9-40A0442C058F}.Debug|Any CPU.ActiveCfg = Debug|Any CPU
		{A4218BB1-B194-E39F-2EB9-40A0442C058F}.Debug|Any CPU.Build.0 = Debug|Any CPU
		{A4218BB1-B194-E39F-2EB9-40A0442C058F}.Debug|x64.ActiveCfg = Debug|Any CPU
		{A4218BB1-B194-E39F-2EB9-40A0442C058F}.Debug|x64.Build.0 = Debug|Any CPU
		{A4218BB1-B194-E39F-2EB9-40A0442C058F}.Debug|x86.ActiveCfg = Debug|Any CPU
		{A4218BB1-B194-E39F-2EB9-40A0442C058F}.Debug|x86.Build.0 = Debug|Any CPU
		{A4218BB1-B194-E39F-2EB9-40A0442C058F}.Release|Any CPU.ActiveCfg = Release|Any CPU
		{A4218BB1-B194-E39F-2EB9-40A0442C058F}.Release|Any CPU.Build.0 = Release|Any CPU
		{A4218BB1-B194-E39F-2EB9-40A0442C058F}.Release|x64.ActiveCfg = Release|Any CPU
		{A4218BB1-B194-E39F-2EB9-40A0442C058F}.Release|x64.Build.0 = Release|Any CPU
		{A4218BB1-B194-E39F-2EB9-40A0442C058F}.Release|x86.ActiveCfg = Release|Any CPU
		{A4218BB1-B194-E39F-2EB9-40A0442C058F}.Release|x86.Build.0 = Release|Any CPU
		{F08785F2-A159-14E4-C92B-02065E7BEC36}.Debug|Any CPU.ActiveCfg = Debug|Any CPU
		{F08785F2-A159-14E4-C92B-02065E7BEC36}.Debug|Any CPU.Build.0 = Debug|Any CPU
		{F08785F2-A159-14E4-C92B-02065E7BEC36}.Debug|x64.ActiveCfg = Debug|Any CPU
		{F08785F2-A159-14E4-C92B-02065E7BEC36}.Debug|x64.Build.0 = Debug|Any CPU
		{F08785F2-A159-14E4-C92B-02065E7BEC36}.Debug|x86.ActiveCfg = Debug|Any CPU
		{F08785F2-A159-14E4-C92B-02065E7BEC36}.Debug|x86.Build.0 = Debug|Any CPU
		{F08785F2-A159-14E4-C92B-02065E7BEC36}.Release|Any CPU.ActiveCfg = Release|Any CPU
		{F08785F2-A159-14E4-C92B-02065E7BEC36}.Release|Any CPU.Build.0 = Release|Any CPU
		{F08785F2-A159-14E4-C92B-02065E7BEC36}.Release|x64.ActiveCfg = Release|Any CPU
		{F08785F2-A159-14E4-C92B-02065E7BEC36}.Release|x64.Build.0 = Release|Any CPU
		{F08785F2-A159-14E4-C92B-02065E7BEC36}.Release|x86.ActiveCfg = Release|Any CPU
		{F08785F2-A159-14E4-C92B-02065E7BEC36}.Release|x86.Build.0 = Release|Any CPU
	EndGlobalSection
	GlobalSection(SolutionProperties) = preSolution
		HideSolutionNode = FALSE
	EndGlobalSection
	GlobalSection(ExtensibilityGlobals) = postSolution
		SolutionGuid = {CC2F971E-18D3-4383-BD5F-6F6FC799152A}
	EndGlobalSection
EndGlobal
