
Microsoft Visual Studio Solution File, Format Version 12.00
# Visual Studio Version 17
VisualStudioVersion = 17.0.31903.59
MinimumVisualStudioVersion = 10.0.40219.1
Project("{FAE04EC0-301F-11D3-BF4B-00C04F79EFBC}") = "RafeTale.Domain", "RafeTale.Domain\RafeTale.Domain.csproj", "{F3E4AC9B-7547-4BC1-A4C4-E2FC7327D1EE}"
EndProject
Project("{FAE04EC0-301F-11D3-BF4B-00C04F79EFBC}") = "RafeTale.Application", "RafeTale.Application\RafeTale.Application.csproj", "{B3DA37E8-FC7E-42D9-B402-DEED6692DB9C}"
EndProject
Project("{FAE04EC0-301F-11D3-BF4B-00C04F79EFBC}") = "RafeTale.Infrastructure", "RafeTale.Infrastructure\RafeTale.Infrastructure.csproj", "{AFBFB423-4F8E-47FC-80BF-145FB3DB5027}"
EndProject
Project("{FAE04EC0-301F-11D3-BF4B-00C04F79EFBC}") = "RafeTale.UI.Shared", "RafeTale.UI.Shared\RafeTale.UI.Shared.csproj", "{3FB2068B-9DAD-4125-B51E-E668AE42EC60}"
EndProject
Project("{FAE04EC0-301F-11D3-BF4B-00C04F79EFBC}") = "RafeTale.MAUI", "RafeTale.MAUI\RafeTale.MAUI.csproj", "{B29373B4-A0A7-4362-B151-E9A496D8A0C9}"
EndProject
Project("{FAE04EC0-301F-11D3-BF4B-00C04F79EFBC}") = "RafeTale.Tests", "RafeTale.Tests\RafeTale.Tests.csproj", "{780B5513-4345-4A70-B7C2-B7E220EDBD24}"
EndProject
Global
	GlobalSection(SolutionConfigurationPlatforms) = preSolution
		Debug|Any CPU = Debug|Any CPU
		Debug|x64 = Debug|x64
		Debug|x86 = Debug|x86
		Release|Any CPU = Release|Any CPU
		Release|x64 = Release|x64
		Release|x86 = Release|x86
	EndGlobalSection
	GlobalSection(ProjectConfigurationPlatforms) = postSolution
		{F3E4AC9B-7547-4BC1-A4C4-E2FC7327D1EE}.Debug|Any CPU.ActiveCfg = Debug|Any CPU
		{F3E4AC9B-7547-4BC1-A4C4-E2FC7327D1EE}.Debug|Any CPU.Build.0 = Debug|Any CPU
		{F3E4AC9B-7547-4BC1-A4C4-E2FC7327D1EE}.Debug|x64.ActiveCfg = Debug|Any CPU
		{F3E4AC9B-7547-4BC1-A4C4-E2FC7327D1EE}.Debug|x64.Build.0 = Debug|Any CPU
		{F3E4AC9B-7547-4BC1-A4C4-E2FC7327D1EE}.Debug|x86.ActiveCfg = Debug|Any CPU
		{F3E4AC9B-7547-4BC1-A4C4-E2FC7327D1EE}.Debug|x86.Build.0 = Debug|Any CPU
		{F3E4AC9B-7547-4BC1-A4C4-E2FC7327D1EE}.Release|Any CPU.ActiveCfg = Release|Any CPU
		{F3E4AC9B-7547-4BC1-A4C4-E2FC7327D1EE}.Release|Any CPU.Build.0 = Release|Any CPU
		{F3E4AC9B-7547-4BC1-A4C4-E2FC7327D1EE}.Release|x64.ActiveCfg = Release|Any CPU
		{F3E4AC9B-7547-4BC1-A4C4-E2FC7327D1EE}.Release|x64.Build.0 = Release|Any CPU
		{F3E4AC9B-7547-4BC1-A4C4-E2FC7327D1EE}.Release|x86.ActiveCfg = Release|Any CPU
		{F3E4AC9B-7547-4BC1-A4C4-E2FC7327D1EE}.Release|x86.Build.0 = Release|Any CPU
		{B3DA37E8-FC7E-42D9-B402-DEED6692DB9C}.Debug|Any CPU.ActiveCfg = Debug|Any CPU
		{B3DA37E8-FC7E-42D9-B402-DEED6692DB9C}.Debug|Any CPU.Build.0 = Debug|Any CPU
		{B3DA37E8-FC7E-42D9-B402-DEED6692DB9C}.Debug|x64.ActiveCfg = Debug|Any CPU
		{B3DA37E8-FC7E-42D9-B402-DEED6692DB9C}.Debug|x64.Build.0 = Debug|Any CPU
		{B3DA37E8-FC7E-42D9-B402-DEED6692DB9C}.Debug|x86.ActiveCfg = Debug|Any CPU
		{B3DA37E8-FC7E-42D9-B402-DEED6692DB9C}.Debug|x86.Build.0 = Debug|Any CPU
		{B3DA37E8-FC7E-42D9-B402-DEED6692DB9C}.Release|Any CPU.ActiveCfg = Release|Any CPU
		{B3DA37E8-FC7E-42D9-B402-DEED6692DB9C}.Release|Any CPU.Build.0 = Release|Any CPU
		{B3DA37E8-FC7E-42D9-B402-DEED6692DB9C}.Release|x64.ActiveCfg = Release|Any CPU
		{B3DA37E8-FC7E-42D9-B402-DEED6692DB9C}.Release|x64.Build.0 = Release|Any CPU
		{B3DA37E8-FC7E-42D9-B402-DEED6692DB9C}.Release|x86.ActiveCfg = Release|Any CPU
		{B3DA37E8-FC7E-42D9-B402-DEED6692DB9C}.Release|x86.Build.0 = Release|Any CPU
		{AFBFB423-4F8E-47FC-80BF-145FB3DB5027}.Debug|Any CPU.ActiveCfg = Debug|Any CPU
		{AFBFB423-4F8E-47FC-80BF-145FB3DB5027}.Debug|Any CPU.Build.0 = Debug|Any CPU
		{AFBFB423-4F8E-47FC-80BF-145FB3DB5027}.Debug|x64.ActiveCfg = Debug|Any CPU
		{AFBFB423-4F8E-47FC-80BF-145FB3DB5027}.Debug|x64.Build.0 = Debug|Any CPU
		{AFBFB423-4F8E-47FC-80BF-145FB3DB5027}.Debug|x86.ActiveCfg = Debug|Any CPU
		{AFBFB423-4F8E-47FC-80BF-145FB3DB5027}.Debug|x86.Build.0 = Debug|Any CPU
		{AFBFB423-4F8E-47FC-80BF-145FB3DB5027}.Release|Any CPU.ActiveCfg = Release|Any CPU
		{AFBFB423-4F8E-47FC-80BF-145FB3DB5027}.Release|Any CPU.Build.0 = Release|Any CPU
		{AFBFB423-4F8E-47FC-80BF-145FB3DB5027}.Release|x64.ActiveCfg = Release|Any CPU
		{AFBFB423-4F8E-47FC-80BF-145FB3DB5027}.Release|x64.Build.0 = Release|Any CPU
		{AFBFB423-4F8E-47FC-80BF-145FB3DB5027}.Release|x86.ActiveCfg = Release|Any CPU
		{AFBFB423-4F8E-47FC-80BF-145FB3DB5027}.Release|x86.Build.0 = Release|Any CPU
		{3FB2068B-9DAD-4125-B51E-E668AE42EC60}.Debug|Any CPU.ActiveCfg = Debug|Any CPU
		{3FB2068B-9DAD-4125-B51E-E668AE42EC60}.Debug|Any CPU.Build.0 = Debug|Any CPU
		{3FB2068B-9DAD-4125-B51E-E668AE42EC60}.Debug|x64.ActiveCfg = Debug|Any CPU
		{3FB2068B-9DAD-4125-B51E-E668AE42EC60}.Debug|x64.Build.0 = Debug|Any CPU
		{3FB2068B-9DAD-4125-B51E-E668AE42EC60}.Debug|x86.ActiveCfg = Debug|Any CPU
		{3FB2068B-9DAD-4125-B51E-E668AE42EC60}.Debug|x86.Build.0 = Debug|Any CPU
		{3FB2068B-9DAD-4125-B51E-E668AE42EC60}.Release|Any CPU.ActiveCfg = Release|Any CPU
		{3FB2068B-9DAD-4125-B51E-E668AE42EC60}.Release|Any CPU.Build.0 = Release|Any CPU
		{3FB2068B-9DAD-4125-B51E-E668AE42EC60}.Release|x64.ActiveCfg = Release|Any CPU
		{3FB2068B-9DAD-4125-B51E-E668AE42EC60}.Release|x64.Build.0 = Release|Any CPU
		{3FB2068B-9DAD-4125-B51E-E668AE42EC60}.Release|x86.ActiveCfg = Release|Any CPU
		{3FB2068B-9DAD-4125-B51E-E668AE42EC60}.Release|x86.Build.0 = Release|Any CPU
		{B29373B4-A0A7-4362-B151-E9A496D8A0C9}.Debug|Any CPU.ActiveCfg = Debug|Any CPU
		{B29373B4-A0A7-4362-B151-E9A496D8A0C9}.Debug|Any CPU.Build.0 = Debug|Any CPU
		{B29373B4-A0A7-4362-B151-E9A496D8A0C9}.Debug|x64.ActiveCfg = Debug|Any CPU
		{B29373B4-A0A7-4362-B151-E9A496D8A0C9}.Debug|x64.Build.0 = Debug|Any CPU
		{B29373B4-A0A7-4362-B151-E9A496D8A0C9}.Debug|x86.ActiveCfg = Debug|Any CPU
		{B29373B4-A0A7-4362-B151-E9A496D8A0C9}.Debug|x86.Build.0 = Debug|Any CPU
		{B29373B4-A0A7-4362-B151-E9A496D8A0C9}.Release|Any CPU.ActiveCfg = Release|Any CPU
		{B29373B4-A0A7-4362-B151-E9A496D8A0C9}.Release|Any CPU.Build.0 = Release|Any CPU
		{B29373B4-A0A7-4362-B151-E9A496D8A0C9}.Release|x64.ActiveCfg = Release|Any CPU
		{B29373B4-A0A7-4362-B151-E9A496D8A0C9}.Release|x64.Build.0 = Release|Any CPU
		{B29373B4-A0A7-4362-B151-E9A496D8A0C9}.Release|x86.ActiveCfg = Release|Any CPU
		{B29373B4-A0A7-4362-B151-E9A496D8A0C9}.Release|x86.Build.0 = Release|Any CPU
		{780B5513-4345-4A70-B7C2-B7E220EDBD24}.Debug|Any CPU.ActiveCfg = Debug|Any CPU
		{780B5513-4345-4A70-B7C2-B7E220EDBD24}.Debug|Any CPU.Build.0 = Debug|Any CPU
		{780B5513-4345-4A70-B7C2-B7E220EDBD24}.Debug|x64.ActiveCfg = Debug|Any CPU
		{780B5513-4345-4A70-B7C2-B7E220EDBD24}.Debug|x64.Build.0 = Debug|Any CPU
		{780B5513-4345-4A70-B7C2-B7E220EDBD24}.Debug|x86.ActiveCfg = Debug|Any CPU
		{780B5513-4345-4A70-B7C2-B7E220EDBD24}.Debug|x86.Build.0 = Debug|Any CPU
		{780B5513-4345-4A70-B7C2-B7E220EDBD24}.Release|Any CPU.ActiveCfg = Release|Any CPU
		{780B5513-4345-4A70-B7C2-B7E220EDBD24}.Release|Any CPU.Build.0 = Release|Any CPU
		{780B5513-4345-4A70-B7C2-B7E220EDBD24}.Release|x64.ActiveCfg = Release|Any CPU
		{780B5513-4345-4A70-B7C2-B7E220EDBD24}.Release|x64.Build.0 = Release|Any CPU
		{780B5513-4345-4A70-B7C2-B7E220EDBD24}.Release|x86.ActiveCfg = Release|Any CPU
		{780B5513-4345-4A70-B7C2-B7E220EDBD24}.Release|x86.Build.0 = Release|Any CPU
	EndGlobalSection
	GlobalSection(SolutionProperties) = preSolution
		HideSolutionNode = FALSE
	EndGlobalSection
	GlobalSection(ExtensibilityGlobals) = postSolution
		SolutionGuid = {EB5BCC5C-696E-4459-98E9-BEA577888AD5}
	EndGlobalSection
EndGlobal
